
Microsoft Visual Studio Solution File, Format Version 12.00
# Visual Studio Version 17
VisualStudioVersion = 17.9.34607.119
MinimumVisualStudioVersion = 10.0.40219.1
Project("{FAE04EC0-301F-11D3-BF4B-00C04F79EFBC}") = "net lab4", "net lab4\net lab4.csproj", "{FAD45974-B11A-49E0-8565-8E7A97A1464F}"
EndProject
Global
	GlobalSection(SolutionConfigurationPlatforms) = preSolution
		Debug|Any CPU = Debug|Any CPU
		Release|Any CPU = Release|Any CPU
	EndGlobalSection
	GlobalSection(ProjectConfigurationPlatforms) = postSolution
		{FAD45974-B11A-49E0-8565-8E7A97A1464F}.Debug|Any CPU.ActiveCfg = Debug|Any CPU
		{FAD45974-B11A-49E0-8565-8E7A97A1464F}.Debug|Any CPU.Build.0 = Debug|Any CPU
		{FAD45974-B11A-49E0-8565-8E7A97A1464F}.Release|Any CPU.ActiveCfg = Release|Any CPU
		{FAD45974-B11A-49E0-8565-8E7A97A1464F}.Release|Any CPU.Build.0 = Release|Any CPU
	EndGlobalSection
	GlobalSection(SolutionProperties) = preSolution
		HideSolutionNode = FALSE
	EndGlobalSection
	GlobalSection(ExtensibilityGlobals) = postSolution
		SolutionGuid = {DF9AC51C-840D-4709-8E21-999593D41B7D}
	EndGlobalSection
EndGlobal
