
Microsoft Visual Studio Solution File, Format Version 12.00
# Visual Studio Version 17
VisualStudioVersion = 17.9.34607.119
MinimumVisualStudioVersion = 10.0.40219.1
Project("{FAE04EC0-301F-11D3-BF4B-00C04F79EFBC}") = "net lab5", "net lab5\net lab5.csproj", "{EB18E2A7-96AC-4732-9065-1389A707C6CC}"
EndProject
Global
	GlobalSection(SolutionConfigurationPlatforms) = preSolution
		Debug|Any CPU = Debug|Any CPU
		Release|Any CPU = Release|Any CPU
	EndGlobalSection
	GlobalSection(ProjectConfigurationPlatforms) = postSolution
		{EB18E2A7-96AC-4732-9065-1389A707C6CC}.Debug|Any CPU.ActiveCfg = Debug|Any CPU
		{EB18E2A7-96AC-4732-9065-1389A707C6CC}.Debug|Any CPU.Build.0 = Debug|Any CPU
		{EB18E2A7-96AC-4732-9065-1389A707C6CC}.Release|Any CPU.ActiveCfg = Release|Any CPU
		{EB18E2A7-96AC-4732-9065-1389A707C6CC}.Release|Any CPU.Build.0 = Release|Any CPU
	EndGlobalSection
	GlobalSection(SolutionProperties) = preSolution
		HideSolutionNode = FALSE
	EndGlobalSection
	GlobalSection(ExtensibilityGlobals) = postSolution
		SolutionGuid = {FC447FFA-831F-4025-BEB0-8AB0BC5B2925}
	EndGlobalSection
EndGlobal
